// !$*UTF8*$!
{
	archiveVersion = 1;
	classes = {
	};
	objectVersion = 50;
	objects = {

/* Begin PBXBuildFile section */
		116248A9246429480091ABF5 /* AppDelegate.swift in Sources */ = {isa = PBXBuildFile; fileRef = 116248A8246429480091ABF5 /* AppDelegate.swift */; };
		116248AB246429480091ABF5 /* SceneDelegate.swift in Sources */ = {isa = PBXBuildFile; fileRef = 116248AA246429480091ABF5 /* SceneDelegate.swift */; };
		116248AD246429480091ABF5 /* ContentView.swift in Sources */ = {isa = PBXBuildFile; fileRef = 116248AC246429480091ABF5 /* ContentView.swift */; };
		116248AF246429490091ABF5 /* Assets.xcassets in Resources */ = {isa = PBXBuildFile; fileRef = 116248AE246429490091ABF5 /* Assets.xcassets */; };
		116248B2246429490091ABF5 /* Preview Assets.xcassets in Resources */ = {isa = PBXBuildFile; fileRef = 116248B1246429490091ABF5 /* Preview Assets.xcassets */; };
		116248B5246429490091ABF5 /* LaunchScreen.storyboard in Resources */ = {isa = PBXBuildFile; fileRef = 116248B3246429490091ABF5 /* LaunchScreen.storyboard */; };
		117A6D2724694E970004B2FE /* AlertButton.swift in Sources */ = {isa = PBXBuildFile; fileRef = 117A6D2624694E970004B2FE /* AlertButton.swift */; };
		117A6D29246955A90004B2FE /* Notifications.swift in Sources */ = {isa = PBXBuildFile; fileRef = 117A6D28246955A90004B2FE /* Notifications.swift */; };
		117A6D2B246978210004B2FE /* TabBarTest.swift in Sources */ = {isa = PBXBuildFile; fileRef = 117A6D2A246978210004B2FE /* TabBarTest.swift */; };
		117A6D2D24697AA60004B2FE /* Map.swift in Sources */ = {isa = PBXBuildFile; fileRef = 117A6D2C24697AA60004B2FE /* Map.swift */; };
		11A339492468157A00E12CF6 /* Profile.swift in Sources */ = {isa = PBXBuildFile; fileRef = 11A339482468157A00E12CF6 /* Profile.swift */; };
		11A3394B24682E4800E12CF6 /* TabBar.swift in Sources */ = {isa = PBXBuildFile; fileRef = 11A3394A24682E4800E12CF6 /* TabBar.swift */; };
		4B207F1A24643229007F23BE /* User.swift in Sources */ = {isa = PBXBuildFile; fileRef = 4B207F1924643229007F23BE /* User.swift */; };
		4B207F1C24643245007F23BE /* UserViewModel.swift in Sources */ = {isa = PBXBuildFile; fileRef = 4B207F1B24643245007F23BE /* UserViewModel.swift */; };
/* End PBXBuildFile section */

/* Begin PBXFileReference section */
		116248A5246429480091ABF5 /* Angel.app */ = {isa = PBXFileReference; explicitFileType = wrapper.application; includeInIndex = 0; path = Angel.app; sourceTree = BUILT_PRODUCTS_DIR; };
		116248A8246429480091ABF5 /* AppDelegate.swift */ = {isa = PBXFileReference; lastKnownFileType = sourcecode.swift; path = AppDelegate.swift; sourceTree = "<group>"; };
		116248AA246429480091ABF5 /* SceneDelegate.swift */ = {isa = PBXFileReference; lastKnownFileType = sourcecode.swift; path = SceneDelegate.swift; sourceTree = "<group>"; };
		116248AC246429480091ABF5 /* ContentView.swift */ = {isa = PBXFileReference; lastKnownFileType = sourcecode.swift; path = ContentView.swift; sourceTree = "<group>"; };
		116248AE246429490091ABF5 /* Assets.xcassets */ = {isa = PBXFileReference; lastKnownFileType = folder.assetcatalog; path = Assets.xcassets; sourceTree = "<group>"; };
		116248B1246429490091ABF5 /* Preview Assets.xcassets */ = {isa = PBXFileReference; lastKnownFileType = folder.assetcatalog; path = "Preview Assets.xcassets"; sourceTree = "<group>"; };
		116248B4246429490091ABF5 /* Base */ = {isa = PBXFileReference; lastKnownFileType = file.storyboard; name = Base; path = Base.lproj/LaunchScreen.storyboard; sourceTree = "<group>"; };
		116248B6246429490091ABF5 /* Info.plist */ = {isa = PBXFileReference; lastKnownFileType = text.plist.xml; path = Info.plist; sourceTree = "<group>"; };
		117A6D2624694E970004B2FE /* AlertButton.swift */ = {isa = PBXFileReference; lastKnownFileType = sourcecode.swift; path = AlertButton.swift; sourceTree = "<group>"; };
		117A6D28246955A90004B2FE /* Notifications.swift */ = {isa = PBXFileReference; lastKnownFileType = sourcecode.swift; path = Notifications.swift; sourceTree = "<group>"; };
		117A6D2A246978210004B2FE /* TabBarTest.swift */ = {isa = PBXFileReference; lastKnownFileType = sourcecode.swift; path = TabBarTest.swift; sourceTree = "<group>"; };
		117A6D2C24697AA60004B2FE /* Map.swift */ = {isa = PBXFileReference; lastKnownFileType = sourcecode.swift; path = Map.swift; sourceTree = "<group>"; };
		11A339482468157A00E12CF6 /* Profile.swift */ = {isa = PBXFileReference; lastKnownFileType = sourcecode.swift; path = Profile.swift; sourceTree = "<group>"; };
		11A3394A24682E4800E12CF6 /* TabBar.swift */ = {isa = PBXFileReference; lastKnownFileType = sourcecode.swift; path = TabBar.swift; sourceTree = "<group>"; };
		4B207F1924643229007F23BE /* User.swift */ = {isa = PBXFileReference; lastKnownFileType = sourcecode.swift; path = User.swift; sourceTree = "<group>"; };
		4B207F1B24643245007F23BE /* UserViewModel.swift */ = {isa = PBXFileReference; lastKnownFileType = sourcecode.swift; path = UserViewModel.swift; sourceTree = "<group>"; };
/* End PBXFileReference section */

/* Begin PBXFrameworksBuildPhase section */
		116248A2246429480091ABF5 /* Frameworks */ = {
			isa = PBXFrameworksBuildPhase;
			buildActionMask = 2147483647;
			files = (
			);
			runOnlyForDeploymentPostprocessing = 0;
		};
/* End PBXFrameworksBuildPhase section */

/* Begin PBXGroup section */
		1162489C246429480091ABF5 = {
			isa = PBXGroup;
			children = (
				116248A7246429480091ABF5 /* Angel */,
				116248A6246429480091ABF5 /* Products */,
			);
			sourceTree = "<group>";
		};
		116248A6246429480091ABF5 /* Products */ = {
			isa = PBXGroup;
			children = (
				116248A5246429480091ABF5 /* Angel.app */,
			);
			name = Products;
			sourceTree = "<group>";
		};
		116248A7246429480091ABF5 /* Angel */ = {
			isa = PBXGroup;
			children = (
				4B207F1824642F29007F23BE /* ViewModel */,
				4B207F1724642F03007F23BE /* Model */,
				116248AA246429480091ABF5 /* SceneDelegate.swift */,
				116248A8246429480091ABF5 /* AppDelegate.swift */,
				117A6D2624694E970004B2FE /* AlertButton.swift */,
				117A6D28246955A90004B2FE /* Notifications.swift */,
				116248AC246429480091ABF5 /* ContentView.swift */,
				117A6D2C24697AA60004B2FE /* Map.swift */,
				11A3394A24682E4800E12CF6 /* TabBar.swift */,
				117A6D2A246978210004B2FE /* TabBarTest.swift */,
				11A339482468157A00E12CF6 /* Profile.swift */,
				116248AE246429490091ABF5 /* Assets.xcassets */,
				116248B3246429490091ABF5 /* LaunchScreen.storyboard */,
				116248B6246429490091ABF5 /* Info.plist */,
				116248B0246429490091ABF5 /* Preview Content */,
			);
			path = Angel;
			sourceTree = "<group>";
		};
		116248B0246429490091ABF5 /* Preview Content */ = {
			isa = PBXGroup;
			children = (
				116248B1246429490091ABF5 /* Preview Assets.xcassets */,
			);
			path = "Preview Content";
			sourceTree = "<group>";
		};
		4B207F1724642F03007F23BE /* Model */ = {
			isa = PBXGroup;
			children = (
				4B207F1924643229007F23BE /* User.swift */,
			);
			path = Model;
			sourceTree = "<group>";
		};
		4B207F1824642F29007F23BE /* ViewModel */ = {
			isa = PBXGroup;
			children = (
				4B207F1B24643245007F23BE /* UserViewModel.swift */,
			);
			path = ViewModel;
			sourceTree = "<group>";
		};
/* End PBXGroup section */

/* Begin PBXNativeTarget section */
		116248A4246429480091ABF5 /* Angel */ = {
			isa = PBXNativeTarget;
			buildConfigurationList = 116248B9246429490091ABF5 /* Build configuration list for PBXNativeTarget "Angel" */;
			buildPhases = (
				116248A1246429480091ABF5 /* Sources */,
				116248A2246429480091ABF5 /* Frameworks */,
				116248A3246429480091ABF5 /* Resources */,
			);
			buildRules = (
			);
			dependencies = (
			);
			name = Angel;
			productName = Angel;
			productReference = 116248A5246429480091ABF5 /* Angel.app */;
			productType = "com.apple.product-type.application";
		};
/* End PBXNativeTarget section */

/* Begin PBXProject section */
		1162489D246429480091ABF5 /* Project object */ = {
			isa = PBXProject;
			attributes = {
				LastSwiftUpdateCheck = 1140;
				LastUpgradeCheck = 1140;
				ORGANIZATIONNAME = chauveau;
				TargetAttributes = {
					116248A4246429480091ABF5 = {
						CreatedOnToolsVersion = 11.4;
					};
				};
			};
			buildConfigurationList = 116248A0246429480091ABF5 /* Build configuration list for PBXProject "Angel" */;
			compatibilityVersion = "Xcode 9.3";
			developmentRegion = en;
			hasScannedForEncodings = 0;
			knownRegions = (
				en,
				Base,
			);
			mainGroup = 1162489C246429480091ABF5;
			productRefGroup = 116248A6246429480091ABF5 /* Products */;
			projectDirPath = "";
			projectRoot = "";
			targets = (
				116248A4246429480091ABF5 /* Angel */,
			);
		};
/* End PBXProject section */

/* Begin PBXResourcesBuildPhase section */
		116248A3246429480091ABF5 /* Resources */ = {
			isa = PBXResourcesBuildPhase;
			buildActionMask = 2147483647;
			files = (
				116248B5246429490091ABF5 /* LaunchScreen.storyboard in Resources */,
				116248B2246429490091ABF5 /* Preview Assets.xcassets in Resources */,
				116248AF246429490091ABF5 /* Assets.xcassets in Resources */,
			);
			runOnlyForDeploymentPostprocessing = 0;
		};
/* End PBXResourcesBuildPhase section */

/* Begin PBXSourcesBuildPhase section */
		116248A1246429480091ABF5 /* Sources */ = {
			isa = PBXSourcesBuildPhase;
			buildActionMask = 2147483647;
			files = (
				117A6D2724694E970004B2FE /* AlertButton.swift in Sources */,
				4B207F1A24643229007F23BE /* User.swift in Sources */,
				116248A9246429480091ABF5 /* AppDelegate.swift in Sources */,
				117A6D29246955A90004B2FE /* Notifications.swift in Sources */,
				116248AB246429480091ABF5 /* SceneDelegate.swift in Sources */,
				11A339492468157A00E12CF6 /* Profile.swift in Sources */,
				4B207F1C24643245007F23BE /* UserViewModel.swift in Sources */,
				117A6D2D24697AA60004B2FE /* Map.swift in Sources */,
				117A6D2B246978210004B2FE /* TabBarTest.swift in Sources */,
				116248AD246429480091ABF5 /* ContentView.swift in Sources */,
				11A3394B24682E4800E12CF6 /* TabBar.swift in Sources */,
			);
			runOnlyForDeploymentPostprocessing = 0;
		};
/* End PBXSourcesBuildPhase section */

/* Begin PBXVariantGroup section */
		116248B3246429490091ABF5 /* LaunchScreen.storyboard */ = {
			isa = PBXVariantGroup;
			children = (
				116248B4246429490091ABF5 /* Base */,
			);
			name = LaunchScreen.storyboard;
			sourceTree = "<group>";
		};
/* End PBXVariantGroup section */

/* Begin XCBuildConfiguration section */
		116248B7246429490091ABF5 /* Debug */ = {
			isa = XCBuildConfiguration;
			buildSettings = {
				ALWAYS_SEARCH_USER_PATHS = NO;
				CLANG_ANALYZER_NONNULL = YES;
				CLANG_ANALYZER_NUMBER_OBJECT_CONVERSION = YES_AGGRESSIVE;
				CLANG_CXX_LANGUAGE_STANDARD = "gnu++14";
				CLANG_CXX_LIBRARY = "libc++";
				CLANG_ENABLE_MODULES = YES;
				CLANG_ENABLE_OBJC_ARC = YES;
				CLANG_ENABLE_OBJC_WEAK = YES;
				CLANG_WARN_BLOCK_CAPTURE_AUTORELEASING = YES;
				CLANG_WARN_BOOL_CONVERSION = YES;
				CLANG_WARN_COMMA = YES;
				CLANG_WARN_CONSTANT_CONVERSION = YES;
				CLANG_WARN_DEPRECATED_OBJC_IMPLEMENTATIONS = YES;
				CLANG_WARN_DIRECT_OBJC_ISA_USAGE = YES_ERROR;
				CLANG_WARN_DOCUMENTATION_COMMENTS = YES;
				CLANG_WARN_EMPTY_BODY = YES;
				CLANG_WARN_ENUM_CONVERSION = YES;
				CLANG_WARN_INFINITE_RECURSION = YES;
				CLANG_WARN_INT_CONVERSION = YES;
				CLANG_WARN_NON_LITERAL_NULL_CONVERSION = YES;
				CLANG_WARN_OBJC_IMPLICIT_RETAIN_SELF = YES;
				CLANG_WARN_OBJC_LITERAL_CONVERSION = YES;
				CLANG_WARN_OBJC_ROOT_CLASS = YES_ERROR;
				CLANG_WARN_RANGE_LOOP_ANALYSIS = YES;
				CLANG_WARN_STRICT_PROTOTYPES = YES;
				CLANG_WARN_SUSPICIOUS_MOVE = YES;
				CLANG_WARN_UNGUARDED_AVAILABILITY = YES_AGGRESSIVE;
				CLANG_WARN_UNREACHABLE_CODE = YES;
				CLANG_WARN__DUPLICATE_METHOD_MATCH = YES;
				COPY_PHASE_STRIP = NO;
				DEBUG_INFORMATION_FORMAT = dwarf;
				ENABLE_STRICT_OBJC_MSGSEND = YES;
				ENABLE_TESTABILITY = YES;
				GCC_C_LANGUAGE_STANDARD = gnu11;
				GCC_DYNAMIC_NO_PIC = NO;
				GCC_NO_COMMON_BLOCKS = YES;
				GCC_OPTIMIZATION_LEVEL = 0;
				GCC_PREPROCESSOR_DEFINITIONS = (
					"DEBUG=1",
					"$(inherited)",
				);
				GCC_WARN_64_TO_32_BIT_CONVERSION = YES;
				GCC_WARN_ABOUT_RETURN_TYPE = YES_ERROR;
				GCC_WARN_UNDECLARED_SELECTOR = YES;
				GCC_WARN_UNINITIALIZED_AUTOS = YES_AGGRESSIVE;
				GCC_WARN_UNUSED_FUNCTION = YES;
				GCC_WARN_UNUSED_VARIABLE = YES;
				IPHONEOS_DEPLOYMENT_TARGET = 13.4;
				MTL_ENABLE_DEBUG_INFO = INCLUDE_SOURCE;
				MTL_FAST_MATH = YES;
				ONLY_ACTIVE_ARCH = YES;
				SDKROOT = iphoneos;
				SWIFT_ACTIVE_COMPILATION_CONDITIONS = DEBUG;
				SWIFT_OPTIMIZATION_LEVEL = "-Onone";
			};
			name = Debug;
		};
		116248B8246429490091ABF5 /* Release */ = {
			isa = XCBuildConfiguration;
			buildSettings = {
				ALWAYS_SEARCH_USER_PATHS = NO;
				CLANG_ANALYZER_NONNULL = YES;
				CLANG_ANALYZER_NUMBER_OBJECT_CONVERSION = YES_AGGRESSIVE;
				CLANG_CXX_LANGUAGE_STANDARD = "gnu++14";
				CLANG_CXX_LIBRARY = "libc++";
				CLANG_ENABLE_MODULES = YES;
				CLANG_ENABLE_OBJC_ARC = YES;
				CLANG_ENABLE_OBJC_WEAK = YES;
				CLANG_WARN_BLOCK_CAPTURE_AUTORELEASING = YES;
				CLANG_WARN_BOOL_CONVERSION = YES;
				CLANG_WARN_COMMA = YES;
				CLANG_WARN_CONSTANT_CONVERSION = YES;
				CLANG_WARN_DEPRECATED_OBJC_IMPLEMENTATIONS = YES;
				CLANG_WARN_DIRECT_OBJC_ISA_USAGE = YES_ERROR;
				CLANG_WARN_DOCUMENTATION_COMMENTS = YES;
				CLANG_WARN_EMPTY_BODY = YES;
				CLANG_WARN_ENUM_CONVERSION = YES;
				CLANG_WARN_INFINITE_RECURSION = YES;
				CLANG_WARN_INT_CONVERSION = YES;
				CLANG_WARN_NON_LITERAL_NULL_CONVERSION = YES;
				CLANG_WARN_OBJC_IMPLICIT_RETAIN_SELF = YES;
				CLANG_WARN_OBJC_LITERAL_CONVERSION = YES;
				CLANG_WARN_OBJC_ROOT_CLASS = YES_ERROR;
				CLANG_WARN_RANGE_LOOP_ANALYSIS = YES;
				CLANG_WARN_STRICT_PROTOTYPES = YES;
				CLANG_WARN_SUSPICIOUS_MOVE = YES;
				CLANG_WARN_UNGUARDED_AVAILABILITY = YES_AGGRESSIVE;
				CLANG_WARN_UNREACHABLE_CODE = YES;
				CLANG_WARN__DUPLICATE_METHOD_MATCH = YES;
				COPY_PHASE_STRIP = NO;
				DEBUG_INFORMATION_FORMAT = "dwarf-with-dsym";
				ENABLE_NS_ASSERTIONS = NO;
				ENABLE_STRICT_OBJC_MSGSEND = YES;
				GCC_C_LANGUAGE_STANDARD = gnu11;
				GCC_NO_COMMON_BLOCKS = YES;
				GCC_WARN_64_TO_32_BIT_CONVERSION = YES;
				GCC_WARN_ABOUT_RETURN_TYPE = YES_ERROR;
				GCC_WARN_UNDECLARED_SELECTOR = YES;
				GCC_WARN_UNINITIALIZED_AUTOS = YES_AGGRESSIVE;
				GCC_WARN_UNUSED_FUNCTION = YES;
				GCC_WARN_UNUSED_VARIABLE = YES;
				IPHONEOS_DEPLOYMENT_TARGET = 13.4;
				MTL_ENABLE_DEBUG_INFO = NO;
				MTL_FAST_MATH = YES;
				SDKROOT = iphoneos;
				SWIFT_COMPILATION_MODE = wholemodule;
				SWIFT_OPTIMIZATION_LEVEL = "-O";
				VALIDATE_PRODUCT = YES;
			};
			name = Release;
		};
		116248BA246429490091ABF5 /* Debug */ = {
			isa = XCBuildConfiguration;
			buildSettings = {
				ASSETCATALOG_COMPILER_APPICON_NAME = AppIcon;
				CODE_SIGN_STYLE = Automatic;
				DEVELOPMENT_ASSET_PATHS = "\"Angel/Preview Content\"";
				ENABLE_PREVIEWS = YES;
				INFOPLIST_FILE = Angel/Info.plist;
				LD_RUNPATH_SEARCH_PATHS = (
					"$(inherited)",
					"@executable_path/Frameworks",
				);
				PRODUCT_BUNDLE_IDENTIFIER = chauveauR.Angel;
				PRODUCT_NAME = "$(TARGET_NAME)";
				SWIFT_VERSION = 5.0;
				TARGETED_DEVICE_FAMILY = "1,2";
			};
			name = Debug;
		};
		116248BB246429490091ABF5 /* Release */ = {
			isa = XCBuildConfiguration;
			buildSettings = {
				ASSETCATALOG_COMPILER_APPICON_NAME = AppIcon;
				CODE_SIGN_STYLE = Automatic;
				DEVELOPMENT_ASSET_PATHS = "\"Angel/Preview Content\"";
				ENABLE_PREVIEWS = YES;
				INFOPLIST_FILE = Angel/Info.plist;
				LD_RUNPATH_SEARCH_PATHS = (
					"$(inherited)",
					"@executable_path/Frameworks",
				);
				PRODUCT_BUNDLE_IDENTIFIER = chauveauR.Angel;
				PRODUCT_NAME = "$(TARGET_NAME)";
				SWIFT_VERSION = 5.0;
				TARGETED_DEVICE_FAMILY = "1,2";
			};
			name = Release;
		};
/* End XCBuildConfiguration section */

/* Begin XCConfigurationList section */
		116248A0246429480091ABF5 /* Build configuration list for PBXProject "Angel" */ = {
			isa = XCConfigurationList;
			buildConfigurations = (
				116248B7246429490091ABF5 /* Debug */,
				116248B8246429490091ABF5 /* Release */,
			);
			defaultConfigurationIsVisible = 0;
			defaultConfigurationName = Release;
		};
		116248B9246429490091ABF5 /* Build configuration list for PBXNativeTarget "Angel" */ = {
			isa = XCConfigurationList;
			buildConfigurations = (
				116248BA246429490091ABF5 /* Debug */,
				116248BB246429490091ABF5 /* Release */,
			);
			defaultConfigurationIsVisible = 0;
			defaultConfigurationName = Release;
		};
/* End XCConfigurationList section */
	};
	rootObject = 1162489D246429480091ABF5 /* Project object */;
}
