// !$*UTF8*$!
{
	archiveVersion = 1;
	classes = {
	};
	objectVersion = 50;
	objects = {

/* Begin PBXBuildFile section */
		116248AF246429490091ABF5 /* Assets.xcassets in Resources */ = {isa = PBXBuildFile; fileRef = 116248AE246429490091ABF5 /* Assets.xcassets */; };
		116248B2246429490091ABF5 /* Preview Assets.xcassets in Resources */ = {isa = PBXBuildFile; fileRef = 116248B1246429490091ABF5 /* Preview Assets.xcassets */; };
		116248B5246429490091ABF5 /* LaunchScreen.storyboard in Resources */ = {isa = PBXBuildFile; fileRef = 116248B3246429490091ABF5 /* LaunchScreen.storyboard */; };
		4B34A9BA247C8D6A00880293 /* AppDelegate.swift in Sources */ = {isa = PBXBuildFile; fileRef = 4B34A992247C8D6800880293 /* AppDelegate.swift */; };
		4B34A9DB247C8E1200880293 /* ContentView.swift in Sources */ = {isa = PBXBuildFile; fileRef = 4B34A9DA247C8E1200880293 /* ContentView.swift */; };
		4B34A9E9247C915100880293 /* SceneDelegate.swift in Sources */ = {isa = PBXBuildFile; fileRef = 4B34A9E8247C915100880293 /* SceneDelegate.swift */; };
		4B34AA11247C92D400880293 /* ButtonStop.swift in Sources */ = {isa = PBXBuildFile; fileRef = 4B34A9EA247C92D200880293 /* ButtonStop.swift */; };
		4B34AA12247C92D400880293 /* ButtonsProfile.swift in Sources */ = {isa = PBXBuildFile; fileRef = 4B34A9EB247C92D200880293 /* ButtonsProfile.swift */; };
		4B34AA13247C92D400880293 /* AlertActiveView.swift in Sources */ = {isa = PBXBuildFile; fileRef = 4B34A9EC247C92D200880293 /* AlertActiveView.swift */; };
		4B34AA14247C92D400880293 /* AlertView.swift in Sources */ = {isa = PBXBuildFile; fileRef = 4B34A9ED247C92D200880293 /* AlertView.swift */; };
		4B34AA15247C92D400880293 /* ButtonAngel.swift in Sources */ = {isa = PBXBuildFile; fileRef = 4B34A9EE247C92D200880293 /* ButtonAngel.swift */; };
		4B34AA16247C92D400880293 /* EmptyProfil.swift in Sources */ = {isa = PBXBuildFile; fileRef = 4B34A9EF247C92D200880293 /* EmptyProfil.swift */; };
		4B34AA17247C92D400880293 /* Color.swift in Sources */ = {isa = PBXBuildFile; fileRef = 4B34A9F0247C92D200880293 /* Color.swift */; };
		4B34AA18247C92D400880293 /* ButtonOnBoarding.swift in Sources */ = {isa = PBXBuildFile; fileRef = 4B34A9F1247C92D200880293 /* ButtonOnBoarding.swift */; };
		4B34AA19247C92D400880293 /* Profile.swift in Sources */ = {isa = PBXBuildFile; fileRef = 4B34A9F2247C92D200880293 /* Profile.swift */; };
		4B34AA1A247C92D400880293 /* AudioRecorder.swift in Sources */ = {isa = PBXBuildFile; fileRef = 4B34A9F3247C92D200880293 /* AudioRecorder.swift */; };
		4B34AA1B247C92D400880293 /* Map.swift in Sources */ = {isa = PBXBuildFile; fileRef = 4B34A9F4247C92D200880293 /* Map.swift */; };
		4B34AA1C247C92D400880293 /* OnBoardingView.swift in Sources */ = {isa = PBXBuildFile; fileRef = 4B34A9F5247C92D300880293 /* OnBoardingView.swift */; };
		4B34AA1D247C92D400880293 /* ButtonAlert.swift in Sources */ = {isa = PBXBuildFile; fileRef = 4B34A9F6247C92D300880293 /* ButtonAlert.swift */; };
		4B34AA1E247C92D400880293 /* PulsatingViewModel.swift in Sources */ = {isa = PBXBuildFile; fileRef = 4B34A9F7247C92D300880293 /* PulsatingViewModel.swift */; };
		4B34AA1F247C92D400880293 /* MapView.swift in Sources */ = {isa = PBXBuildFile; fileRef = 4B34A9F8247C92D300880293 /* MapView.swift */; };
		4B34AA20247C92D400880293 /* RecordingList.swift in Sources */ = {isa = PBXBuildFile; fileRef = 4B34A9F9247C92D300880293 /* RecordingList.swift */; };
		4B34AA21247C92D400880293 /* Helper.swift in Sources */ = {isa = PBXBuildFile; fileRef = 4B34A9FA247C92D300880293 /* Helper.swift */; };
		4B34AA22247C92D400880293 /* EmergencyProfil.swift in Sources */ = {isa = PBXBuildFile; fileRef = 4B34A9FB247C92D300880293 /* EmergencyProfil.swift */; };
		4B34AA23247C92D400880293 /* Location.gpx in Resources */ = {isa = PBXBuildFile; fileRef = 4B34A9FC247C92D300880293 /* Location.gpx */; };
		4B34AA24247C92D400880293 /* RecordingDataModel.swift in Sources */ = {isa = PBXBuildFile; fileRef = 4B34A9FD247C92D300880293 /* RecordingDataModel.swift */; };
		4B34AA25247C92D400880293 /* KeeperProfile.swift in Sources */ = {isa = PBXBuildFile; fileRef = 4B34A9FE247C92D300880293 /* KeeperProfile.swift */; };
		4B34AA26247C92D400880293 /* OnBoardingPageViewController.swift in Sources */ = {isa = PBXBuildFile; fileRef = 4B34A9FF247C92D300880293 /* OnBoardingPageViewController.swift */; };
		4B34AA27247C92D400880293 /* OnBoardingPageControl.swift in Sources */ = {isa = PBXBuildFile; fileRef = 4B34AA00247C92D300880293 /* OnBoardingPageControl.swift */; };
		4B34AA28247C92D400880293 /* EmptyKeeper.swift in Sources */ = {isa = PBXBuildFile; fileRef = 4B34AA01247C92D300880293 /* EmptyKeeper.swift */; };
		4B34AA29247C92D400880293 /* RecordingView.swift in Sources */ = {isa = PBXBuildFile; fileRef = 4B34AA02247C92D300880293 /* RecordingView.swift */; };
		4B34AA2A247C92D400880293 /* UserProfile.swift in Sources */ = {isa = PBXBuildFile; fileRef = 4B34AA03247C92D300880293 /* UserProfile.swift */; };
		4B34AA2B247C92D400880293 /* Refuge.swift in Sources */ = {isa = PBXBuildFile; fileRef = 4B34AA04247C92D300880293 /* Refuge.swift */; };
		4B34AA2C247C92D400880293 /* KeeperView.swift in Sources */ = {isa = PBXBuildFile; fileRef = 4B34AA05247C92D300880293 /* KeeperView.swift */; };
		4B34AA2D247C92D400880293 /* ViewRouter.swift in Sources */ = {isa = PBXBuildFile; fileRef = 4B34AA06247C92D300880293 /* ViewRouter.swift */; };
		4B34AA2E247C92D400880293 /* OnBoardingSubview.swift in Sources */ = {isa = PBXBuildFile; fileRef = 4B34AA07247C92D300880293 /* OnBoardingSubview.swift */; };
		4B34AA2F247C92D400880293 /* AudioPlayer.swift in Sources */ = {isa = PBXBuildFile; fileRef = 4B34AA08247C92D300880293 /* AudioPlayer.swift */; };
		4B34AA30247C92D400880293 /* BraceletProfile.swift in Sources */ = {isa = PBXBuildFile; fileRef = 4B34AA09247C92D300880293 /* BraceletProfile.swift */; };
		4B34AA31247C92D400880293 /* TabBar.swift in Sources */ = {isa = PBXBuildFile; fileRef = 4B34AA0A247C92D300880293 /* TabBar.swift */; };
		4B34AA32247C92D400880293 /* ButtonTest.swift in Sources */ = {isa = PBXBuildFile; fileRef = 4B34AA0B247C92D300880293 /* ButtonTest.swift */; };
		4B34AA33247C92D400880293 /* Inscription.swift in Sources */ = {isa = PBXBuildFile; fileRef = 4B34AA0C247C92D300880293 /* Inscription.swift */; };
		4B34AA34247C92D400880293 /* ButtonUrgence.swift in Sources */ = {isa = PBXBuildFile; fileRef = 4B34AA0D247C92D400880293 /* ButtonUrgence.swift */; };
		4B34AA35247C92D400880293 /* RefugeAnnotations.swift in Sources */ = {isa = PBXBuildFile; fileRef = 4B34AA0E247C92D400880293 /* RefugeAnnotations.swift */; };
		4B34AA36247C92D400880293 /* Extensions.swift in Sources */ = {isa = PBXBuildFile; fileRef = 4B34AA0F247C92D400880293 /* Extensions.swift */; };
		4B34AA37247C92D400880293 /* Connexion.swift in Sources */ = {isa = PBXBuildFile; fileRef = 4B34AA10247C92D400880293 /* Connexion.swift */; };
/* End PBXBuildFile section */

/* Begin PBXFileReference section */
		116248A5246429480091ABF5 /* Angel.app */ = {isa = PBXFileReference; explicitFileType = wrapper.application; includeInIndex = 0; path = Angel.app; sourceTree = BUILT_PRODUCTS_DIR; };
		116248AE246429490091ABF5 /* Assets.xcassets */ = {isa = PBXFileReference; lastKnownFileType = folder.assetcatalog; path = Assets.xcassets; sourceTree = "<group>"; };
		116248B1246429490091ABF5 /* Preview Assets.xcassets */ = {isa = PBXFileReference; lastKnownFileType = folder.assetcatalog; path = "Preview Assets.xcassets"; sourceTree = "<group>"; };
		116248B4246429490091ABF5 /* Base */ = {isa = PBXFileReference; lastKnownFileType = file.storyboard; name = Base; path = Base.lproj/LaunchScreen.storyboard; sourceTree = "<group>"; };
		116248B6246429490091ABF5 /* Info.plist */ = {isa = PBXFileReference; lastKnownFileType = text.plist.xml; path = Info.plist; sourceTree = "<group>"; };
		4B34A992247C8D6800880293 /* AppDelegate.swift */ = {isa = PBXFileReference; fileEncoding = 4; lastKnownFileType = sourcecode.swift; name = AppDelegate.swift; path = "../../../Desktop/dossier sans titre/AppDelegate.swift"; sourceTree = "<group>"; };
		4B34A9DA247C8E1200880293 /* ContentView.swift */ = {isa = PBXFileReference; fileEncoding = 4; lastKnownFileType = sourcecode.swift; name = ContentView.swift; path = "../../../Desktop/dossier sans titre/ContentView.swift"; sourceTree = "<group>"; };
		4B34A9E8247C915100880293 /* SceneDelegate.swift */ = {isa = PBXFileReference; fileEncoding = 4; lastKnownFileType = sourcecode.swift; name = SceneDelegate.swift; path = "../../../Desktop/dossier sans titre/SceneDelegate.swift"; sourceTree = "<group>"; };
		4B34A9EA247C92D200880293 /* ButtonStop.swift */ = {isa = PBXFileReference; fileEncoding = 4; lastKnownFileType = sourcecode.swift; name = ButtonStop.swift; path = "../../../Desktop/dossier sans titre/ButtonStop.swift"; sourceTree = "<group>"; };
		4B34A9EB247C92D200880293 /* ButtonsProfile.swift */ = {isa = PBXFileReference; fileEncoding = 4; lastKnownFileType = sourcecode.swift; name = ButtonsProfile.swift; path = "../../../Desktop/dossier sans titre/ButtonsProfile.swift"; sourceTree = "<group>"; };
		4B34A9EC247C92D200880293 /* AlertActiveView.swift */ = {isa = PBXFileReference; fileEncoding = 4; lastKnownFileType = sourcecode.swift; name = AlertActiveView.swift; path = "../../../Desktop/dossier sans titre/AlertActiveView.swift"; sourceTree = "<group>"; };
		4B34A9ED247C92D200880293 /* AlertView.swift */ = {isa = PBXFileReference; fileEncoding = 4; lastKnownFileType = sourcecode.swift; name = AlertView.swift; path = "../../../Desktop/dossier sans titre/AlertView.swift"; sourceTree = "<group>"; };
		4B34A9EE247C92D200880293 /* ButtonAngel.swift */ = {isa = PBXFileReference; fileEncoding = 4; lastKnownFileType = sourcecode.swift; name = ButtonAngel.swift; path = "../../../Desktop/dossier sans titre/ButtonAngel.swift"; sourceTree = "<group>"; };
		4B34A9EF247C92D200880293 /* EmptyProfil.swift */ = {isa = PBXFileReference; fileEncoding = 4; lastKnownFileType = sourcecode.swift; name = EmptyProfil.swift; path = "../../../Desktop/dossier sans titre/EmptyProfil.swift"; sourceTree = "<group>"; };
		4B34A9F0247C92D200880293 /* Color.swift */ = {isa = PBXFileReference; fileEncoding = 4; lastKnownFileType = sourcecode.swift; name = Color.swift; path = "../../../Desktop/dossier sans titre/Color.swift"; sourceTree = "<group>"; };
		4B34A9F1247C92D200880293 /* ButtonOnBoarding.swift */ = {isa = PBXFileReference; fileEncoding = 4; lastKnownFileType = sourcecode.swift; name = ButtonOnBoarding.swift; path = "../../../Desktop/dossier sans titre/ButtonOnBoarding.swift"; sourceTree = "<group>"; };
		4B34A9F2247C92D200880293 /* Profile.swift */ = {isa = PBXFileReference; fileEncoding = 4; lastKnownFileType = sourcecode.swift; name = Profile.swift; path = "../../../Desktop/dossier sans titre/Profile.swift"; sourceTree = "<group>"; };
		4B34A9F3247C92D200880293 /* AudioRecorder.swift */ = {isa = PBXFileReference; fileEncoding = 4; lastKnownFileType = sourcecode.swift; name = AudioRecorder.swift; path = "../../../Desktop/dossier sans titre/AudioRecorder.swift"; sourceTree = "<group>"; };
		4B34A9F4247C92D200880293 /* Map.swift */ = {isa = PBXFileReference; fileEncoding = 4; lastKnownFileType = sourcecode.swift; name = Map.swift; path = "../../../Desktop/dossier sans titre/Map.swift"; sourceTree = "<group>"; };
		4B34A9F5247C92D300880293 /* OnBoardingView.swift */ = {isa = PBXFileReference; fileEncoding = 4; lastKnownFileType = sourcecode.swift; name = OnBoardingView.swift; path = "../../../Desktop/dossier sans titre/OnBoardingView.swift"; sourceTree = "<group>"; };
		4B34A9F6247C92D300880293 /* ButtonAlert.swift */ = {isa = PBXFileReference; fileEncoding = 4; lastKnownFileType = sourcecode.swift; name = ButtonAlert.swift; path = "../../../Desktop/dossier sans titre/ButtonAlert.swift"; sourceTree = "<group>"; };
		4B34A9F7247C92D300880293 /* PulsatingViewModel.swift */ = {isa = PBXFileReference; fileEncoding = 4; lastKnownFileType = sourcecode.swift; name = PulsatingViewModel.swift; path = "../../../Desktop/dossier sans titre/PulsatingViewModel.swift"; sourceTree = "<group>"; };
		4B34A9F8247C92D300880293 /* MapView.swift */ = {isa = PBXFileReference; fileEncoding = 4; lastKnownFileType = sourcecode.swift; name = MapView.swift; path = "../../../Desktop/dossier sans titre/MapView.swift"; sourceTree = "<group>"; };
		4B34A9F9247C92D300880293 /* RecordingList.swift */ = {isa = PBXFileReference; fileEncoding = 4; lastKnownFileType = sourcecode.swift; name = RecordingList.swift; path = "../../../Desktop/dossier sans titre/RecordingList.swift"; sourceTree = "<group>"; };
		4B34A9FA247C92D300880293 /* Helper.swift */ = {isa = PBXFileReference; fileEncoding = 4; lastKnownFileType = sourcecode.swift; name = Helper.swift; path = "../../../Desktop/dossier sans titre/Helper.swift"; sourceTree = "<group>"; };
		4B34A9FB247C92D300880293 /* EmergencyProfil.swift */ = {isa = PBXFileReference; fileEncoding = 4; lastKnownFileType = sourcecode.swift; name = EmergencyProfil.swift; path = "../../../Desktop/dossier sans titre/EmergencyProfil.swift"; sourceTree = "<group>"; };
		4B34A9FC247C92D300880293 /* Location.gpx */ = {isa = PBXFileReference; fileEncoding = 4; lastKnownFileType = text.xml; name = Location.gpx; path = "../../../Desktop/dossier sans titre/Location.gpx"; sourceTree = "<group>"; };
		4B34A9FD247C92D300880293 /* RecordingDataModel.swift */ = {isa = PBXFileReference; fileEncoding = 4; lastKnownFileType = sourcecode.swift; name = RecordingDataModel.swift; path = "../../../Desktop/dossier sans titre/RecordingDataModel.swift"; sourceTree = "<group>"; };
		4B34A9FE247C92D300880293 /* KeeperProfile.swift */ = {isa = PBXFileReference; fileEncoding = 4; lastKnownFileType = sourcecode.swift; name = KeeperProfile.swift; path = "../../../Desktop/dossier sans titre/KeeperProfile.swift"; sourceTree = "<group>"; };
		4B34A9FF247C92D300880293 /* OnBoardingPageViewController.swift */ = {isa = PBXFileReference; fileEncoding = 4; lastKnownFileType = sourcecode.swift; name = OnBoardingPageViewController.swift; path = "../../../Desktop/dossier sans titre/OnBoardingPageViewController.swift"; sourceTree = "<group>"; };
		4B34AA00247C92D300880293 /* OnBoardingPageControl.swift */ = {isa = PBXFileReference; fileEncoding = 4; lastKnownFileType = sourcecode.swift; name = OnBoardingPageControl.swift; path = "../../../Desktop/dossier sans titre/OnBoardingPageControl.swift"; sourceTree = "<group>"; };
		4B34AA01247C92D300880293 /* EmptyKeeper.swift */ = {isa = PBXFileReference; fileEncoding = 4; lastKnownFileType = sourcecode.swift; name = EmptyKeeper.swift; path = "../../../Desktop/dossier sans titre/EmptyKeeper.swift"; sourceTree = "<group>"; };
		4B34AA02247C92D300880293 /* RecordingView.swift */ = {isa = PBXFileReference; fileEncoding = 4; lastKnownFileType = sourcecode.swift; name = RecordingView.swift; path = "../../../Desktop/dossier sans titre/RecordingView.swift"; sourceTree = "<group>"; };
		4B34AA03247C92D300880293 /* UserProfile.swift */ = {isa = PBXFileReference; fileEncoding = 4; lastKnownFileType = sourcecode.swift; name = UserProfile.swift; path = "../../../Desktop/dossier sans titre/UserProfile.swift"; sourceTree = "<group>"; };
		4B34AA04247C92D300880293 /* Refuge.swift */ = {isa = PBXFileReference; fileEncoding = 4; lastKnownFileType = sourcecode.swift; name = Refuge.swift; path = "../../../Desktop/dossier sans titre/Refuge.swift"; sourceTree = "<group>"; };
		4B34AA05247C92D300880293 /* KeeperView.swift */ = {isa = PBXFileReference; fileEncoding = 4; lastKnownFileType = sourcecode.swift; name = KeeperView.swift; path = "../../../Desktop/dossier sans titre/KeeperView.swift"; sourceTree = "<group>"; };
		4B34AA06247C92D300880293 /* ViewRouter.swift */ = {isa = PBXFileReference; fileEncoding = 4; lastKnownFileType = sourcecode.swift; name = ViewRouter.swift; path = "../../../Desktop/dossier sans titre/ViewRouter.swift"; sourceTree = "<group>"; };
		4B34AA07247C92D300880293 /* OnBoardingSubview.swift */ = {isa = PBXFileReference; fileEncoding = 4; lastKnownFileType = sourcecode.swift; name = OnBoardingSubview.swift; path = "../../../Desktop/dossier sans titre/OnBoardingSubview.swift"; sourceTree = "<group>"; };
		4B34AA08247C92D300880293 /* AudioPlayer.swift */ = {isa = PBXFileReference; fileEncoding = 4; lastKnownFileType = sourcecode.swift; name = AudioPlayer.swift; path = "../../../Desktop/dossier sans titre/AudioPlayer.swift"; sourceTree = "<group>"; };
		4B34AA09247C92D300880293 /* BraceletProfile.swift */ = {isa = PBXFileReference; fileEncoding = 4; lastKnownFileType = sourcecode.swift; name = BraceletProfile.swift; path = "../../../Desktop/dossier sans titre/BraceletProfile.swift"; sourceTree = "<group>"; };
		4B34AA0A247C92D300880293 /* TabBar.swift */ = {isa = PBXFileReference; fileEncoding = 4; lastKnownFileType = sourcecode.swift; name = TabBar.swift; path = "../../../Desktop/dossier sans titre/TabBar.swift"; sourceTree = "<group>"; };
		4B34AA0B247C92D300880293 /* ButtonTest.swift */ = {isa = PBXFileReference; fileEncoding = 4; lastKnownFileType = sourcecode.swift; name = ButtonTest.swift; path = "../../../Desktop/dossier sans titre/ButtonTest.swift"; sourceTree = "<group>"; };
		4B34AA0C247C92D300880293 /* Inscription.swift */ = {isa = PBXFileReference; fileEncoding = 4; lastKnownFileType = sourcecode.swift; name = Inscription.swift; path = "../../../Desktop/dossier sans titre/Inscription.swift"; sourceTree = "<group>"; };
		4B34AA0D247C92D400880293 /* ButtonUrgence.swift */ = {isa = PBXFileReference; fileEncoding = 4; lastKnownFileType = sourcecode.swift; name = ButtonUrgence.swift; path = "../../../Desktop/dossier sans titre/ButtonUrgence.swift"; sourceTree = "<group>"; };
		4B34AA0E247C92D400880293 /* RefugeAnnotations.swift */ = {isa = PBXFileReference; fileEncoding = 4; lastKnownFileType = sourcecode.swift; name = RefugeAnnotations.swift; path = "../../../Desktop/dossier sans titre/RefugeAnnotations.swift"; sourceTree = "<group>"; };
		4B34AA0F247C92D400880293 /* Extensions.swift */ = {isa = PBXFileReference; fileEncoding = 4; lastKnownFileType = sourcecode.swift; name = Extensions.swift; path = "../../../Desktop/dossier sans titre/Extensions.swift"; sourceTree = "<group>"; };
		4B34AA10247C92D400880293 /* Connexion.swift */ = {isa = PBXFileReference; fileEncoding = 4; lastKnownFileType = sourcecode.swift; name = Connexion.swift; path = "../../../Desktop/dossier sans titre/Connexion.swift"; sourceTree = "<group>"; };
/* End PBXFileReference section */

/* Begin PBXFrameworksBuildPhase section */
		116248A2246429480091ABF5 /* Frameworks */ = {
			isa = PBXFrameworksBuildPhase;
			buildActionMask = 2147483647;
			files = (
			);
			runOnlyForDeploymentPostprocessing = 0;
		};
/* End PBXFrameworksBuildPhase section */

/* Begin PBXGroup section */
		1162489C246429480091ABF5 = {
			isa = PBXGroup;
			children = (
				116248A7246429480091ABF5 /* Angel */,
				116248A6246429480091ABF5 /* Products */,
			);
			sourceTree = "<group>";
		};
		116248A6246429480091ABF5 /* Products */ = {
			isa = PBXGroup;
			children = (
				116248A5246429480091ABF5 /* Angel.app */,
			);
			name = Products;
			sourceTree = "<group>";
		};
		116248A7246429480091ABF5 /* Angel */ = {
			isa = PBXGroup;
			children = (
				116248AE246429490091ABF5 /* Assets.xcassets */,
				4B34A9E8247C915100880293 /* SceneDelegate.swift */,
				4B34A9EC247C92D200880293 /* AlertActiveView.swift */,
				4B34A9ED247C92D200880293 /* AlertView.swift */,
				4B34AA08247C92D300880293 /* AudioPlayer.swift */,
				4B34A9F3247C92D200880293 /* AudioRecorder.swift */,
				4B34AA09247C92D300880293 /* BraceletProfile.swift */,
				4B34A9F6247C92D300880293 /* ButtonAlert.swift */,
				4B34A9EE247C92D200880293 /* ButtonAngel.swift */,
				4B34A9F1247C92D200880293 /* ButtonOnBoarding.swift */,
				4B34A9EB247C92D200880293 /* ButtonsProfile.swift */,
				4B34A9EA247C92D200880293 /* ButtonStop.swift */,
				4B34AA0B247C92D300880293 /* ButtonTest.swift */,
				4B34AA0D247C92D400880293 /* ButtonUrgence.swift */,
				4B34A9F0247C92D200880293 /* Color.swift */,
				4B34AA10247C92D400880293 /* Connexion.swift */,
				4B34A9FB247C92D300880293 /* EmergencyProfil.swift */,
				4B34AA01247C92D300880293 /* EmptyKeeper.swift */,
				4B34A9EF247C92D200880293 /* EmptyProfil.swift */,
				4B34AA0F247C92D400880293 /* Extensions.swift */,
				4B34A9FA247C92D300880293 /* Helper.swift */,
				4B34AA0C247C92D300880293 /* Inscription.swift */,
				4B34A9FE247C92D300880293 /* KeeperProfile.swift */,
				4B34AA05247C92D300880293 /* KeeperView.swift */,
				4B34A9FC247C92D300880293 /* Location.gpx */,
				4B34A9F4247C92D200880293 /* Map.swift */,
				4B34A9F8247C92D300880293 /* MapView.swift */,
				4B34AA00247C92D300880293 /* OnBoardingPageControl.swift */,
				4B34A9FF247C92D300880293 /* OnBoardingPageViewController.swift */,
				4B34AA07247C92D300880293 /* OnBoardingSubview.swift */,
				4B34A9F5247C92D300880293 /* OnBoardingView.swift */,
				4B34A9F2247C92D200880293 /* Profile.swift */,
				4B34A9F7247C92D300880293 /* PulsatingViewModel.swift */,
				4B34A9FD247C92D300880293 /* RecordingDataModel.swift */,
				4B34A9F9247C92D300880293 /* RecordingList.swift */,
				4B34AA02247C92D300880293 /* RecordingView.swift */,
				4B34AA04247C92D300880293 /* Refuge.swift */,
				4B34AA0E247C92D400880293 /* RefugeAnnotations.swift */,
				4B34AA0A247C92D300880293 /* TabBar.swift */,
				4B34AA03247C92D300880293 /* UserProfile.swift */,
				4B34AA06247C92D300880293 /* ViewRouter.swift */,
				4B34A992247C8D6800880293 /* AppDelegate.swift */,
				4B34A9DA247C8E1200880293 /* ContentView.swift */,
				116248B3246429490091ABF5 /* LaunchScreen.storyboard */,
				116248B6246429490091ABF5 /* Info.plist */,
				116248B0246429490091ABF5 /* Preview Content */,
			);
			path = Angel;
			sourceTree = "<group>";
		};
		116248B0246429490091ABF5 /* Preview Content */ = {
			isa = PBXGroup;
			children = (
				116248B1246429490091ABF5 /* Preview Assets.xcassets */,
			);
			path = "Preview Content";
			sourceTree = "<group>";
		};
/* End PBXGroup section */

/* Begin PBXNativeTarget section */
		116248A4246429480091ABF5 /* Angel */ = {
			isa = PBXNativeTarget;
			buildConfigurationList = 116248B9246429490091ABF5 /* Build configuration list for PBXNativeTarget "Angel" */;
			buildPhases = (
				116248A1246429480091ABF5 /* Sources */,
				116248A2246429480091ABF5 /* Frameworks */,
				116248A3246429480091ABF5 /* Resources */,
			);
			buildRules = (
			);
			dependencies = (
			);
			name = Angel;
			productName = Angel;
			productReference = 116248A5246429480091ABF5 /* Angel.app */;
			productType = "com.apple.product-type.application";
		};
/* End PBXNativeTarget section */

/* Begin PBXProject section */
		1162489D246429480091ABF5 /* Project object */ = {
			isa = PBXProject;
			attributes = {
				LastSwiftUpdateCheck = 1140;
				LastUpgradeCheck = 1140;
				ORGANIZATIONNAME = chauveau;
				TargetAttributes = {
					116248A4246429480091ABF5 = {
						CreatedOnToolsVersion = 11.4;
						LastSwiftMigration = 1150;
					};
				};
			};
			buildConfigurationList = 116248A0246429480091ABF5 /* Build configuration list for PBXProject "Angel" */;
			compatibilityVersion = "Xcode 9.3";
			developmentRegion = en;
			hasScannedForEncodings = 0;
			knownRegions = (
				en,
				Base,
			);
			mainGroup = 1162489C246429480091ABF5;
			productRefGroup = 116248A6246429480091ABF5 /* Products */;
			projectDirPath = "";
			projectRoot = "";
			targets = (
				116248A4246429480091ABF5 /* Angel */,
			);
		};
/* End PBXProject section */

/* Begin PBXResourcesBuildPhase section */
		116248A3246429480091ABF5 /* Resources */ = {
			isa = PBXResourcesBuildPhase;
			buildActionMask = 2147483647;
			files = (
				116248B5246429490091ABF5 /* LaunchScreen.storyboard in Resources */,
				116248B2246429490091ABF5 /* Preview Assets.xcassets in Resources */,
				4B34AA23247C92D400880293 /* Location.gpx in Resources */,
				116248AF246429490091ABF5 /* Assets.xcassets in Resources */,
			);
			runOnlyForDeploymentPostprocessing = 0;
		};
/* End PBXResourcesBuildPhase section */

/* Begin PBXSourcesBuildPhase section */
		116248A1246429480091ABF5 /* Sources */ = {
			isa = PBXSourcesBuildPhase;
			buildActionMask = 2147483647;
			files = (
				4B34AA1D247C92D400880293 /* ButtonAlert.swift in Sources */,
				4B34AA30247C92D400880293 /* BraceletProfile.swift in Sources */,
				4B34AA24247C92D400880293 /* RecordingDataModel.swift in Sources */,
				4B34AA2F247C92D400880293 /* AudioPlayer.swift in Sources */,
				4B34AA20247C92D400880293 /* RecordingList.swift in Sources */,
				4B34AA1E247C92D400880293 /* PulsatingViewModel.swift in Sources */,
				4B34AA26247C92D400880293 /* OnBoardingPageViewController.swift in Sources */,
				4B34A9BA247C8D6A00880293 /* AppDelegate.swift in Sources */,
				4B34AA19247C92D400880293 /* Profile.swift in Sources */,
				4B34AA11247C92D400880293 /* ButtonStop.swift in Sources */,
				4B34AA27247C92D400880293 /* OnBoardingPageControl.swift in Sources */,
				4B34AA25247C92D400880293 /* KeeperProfile.swift in Sources */,
				4B34AA2B247C92D400880293 /* Refuge.swift in Sources */,
				4B34AA1C247C92D400880293 /* OnBoardingView.swift in Sources */,
				4B34AA2C247C92D400880293 /* KeeperView.swift in Sources */,
				4B34AA21247C92D400880293 /* Helper.swift in Sources */,
				4B34AA18247C92D400880293 /* ButtonOnBoarding.swift in Sources */,
				4B34AA1F247C92D400880293 /* MapView.swift in Sources */,
				4B34AA29247C92D400880293 /* RecordingView.swift in Sources */,
				4B34AA14247C92D400880293 /* AlertView.swift in Sources */,
				4B34AA2A247C92D400880293 /* UserProfile.swift in Sources */,
				4B34AA33247C92D400880293 /* Inscription.swift in Sources */,
				4B34AA17247C92D400880293 /* Color.swift in Sources */,
				4B34A9DB247C8E1200880293 /* ContentView.swift in Sources */,
				4B34AA2D247C92D400880293 /* ViewRouter.swift in Sources */,
				4B34AA22247C92D400880293 /* EmergencyProfil.swift in Sources */,
				4B34AA13247C92D400880293 /* AlertActiveView.swift in Sources */,
				4B34AA37247C92D400880293 /* Connexion.swift in Sources */,
				4B34AA28247C92D400880293 /* EmptyKeeper.swift in Sources */,
				4B34AA32247C92D400880293 /* ButtonTest.swift in Sources */,
				4B34AA34247C92D400880293 /* ButtonUrgence.swift in Sources */,
				4B34AA1A247C92D400880293 /* AudioRecorder.swift in Sources */,
				4B34AA2E247C92D400880293 /* OnBoardingSubview.swift in Sources */,
				4B34AA35247C92D400880293 /* RefugeAnnotations.swift in Sources */,
				4B34AA12247C92D400880293 /* ButtonsProfile.swift in Sources */,
				4B34AA1B247C92D400880293 /* Map.swift in Sources */,
				4B34AA36247C92D400880293 /* Extensions.swift in Sources */,
				4B34A9E9247C915100880293 /* SceneDelegate.swift in Sources */,
				4B34AA16247C92D400880293 /* EmptyProfil.swift in Sources */,
				4B34AA15247C92D400880293 /* ButtonAngel.swift in Sources */,
				4B34AA31247C92D400880293 /* TabBar.swift in Sources */,
			);
			runOnlyForDeploymentPostprocessing = 0;
		};
/* End PBXSourcesBuildPhase section */

/* Begin PBXVariantGroup section */
		116248B3246429490091ABF5 /* LaunchScreen.storyboard */ = {
			isa = PBXVariantGroup;
			children = (
				116248B4246429490091ABF5 /* Base */,
			);
			name = LaunchScreen.storyboard;
			sourceTree = "<group>";
		};
/* End PBXVariantGroup section */

/* Begin XCBuildConfiguration section */
		116248B7246429490091ABF5 /* Debug */ = {
			isa = XCBuildConfiguration;
			buildSettings = {
				ALWAYS_SEARCH_USER_PATHS = NO;
				CLANG_ANALYZER_NONNULL = YES;
				CLANG_ANALYZER_NUMBER_OBJECT_CONVERSION = YES_AGGRESSIVE;
				CLANG_CXX_LANGUAGE_STANDARD = "gnu++14";
				CLANG_CXX_LIBRARY = "libc++";
				CLANG_ENABLE_MODULES = YES;
				CLANG_ENABLE_OBJC_ARC = YES;
				CLANG_ENABLE_OBJC_WEAK = YES;
				CLANG_WARN_BLOCK_CAPTURE_AUTORELEASING = YES;
				CLANG_WARN_BOOL_CONVERSION = YES;
				CLANG_WARN_COMMA = YES;
				CLANG_WARN_CONSTANT_CONVERSION = YES;
				CLANG_WARN_DEPRECATED_OBJC_IMPLEMENTATIONS = YES;
				CLANG_WARN_DIRECT_OBJC_ISA_USAGE = YES_ERROR;
				CLANG_WARN_DOCUMENTATION_COMMENTS = YES;
				CLANG_WARN_EMPTY_BODY = YES;
				CLANG_WARN_ENUM_CONVERSION = YES;
				CLANG_WARN_INFINITE_RECURSION = YES;
				CLANG_WARN_INT_CONVERSION = YES;
				CLANG_WARN_NON_LITERAL_NULL_CONVERSION = YES;
				CLANG_WARN_OBJC_IMPLICIT_RETAIN_SELF = YES;
				CLANG_WARN_OBJC_LITERAL_CONVERSION = YES;
				CLANG_WARN_OBJC_ROOT_CLASS = YES_ERROR;
				CLANG_WARN_RANGE_LOOP_ANALYSIS = YES;
				CLANG_WARN_STRICT_PROTOTYPES = YES;
				CLANG_WARN_SUSPICIOUS_MOVE = YES;
				CLANG_WARN_UNGUARDED_AVAILABILITY = YES_AGGRESSIVE;
				CLANG_WARN_UNREACHABLE_CODE = YES;
				CLANG_WARN__DUPLICATE_METHOD_MATCH = YES;
				COPY_PHASE_STRIP = NO;
				DEBUG_INFORMATION_FORMAT = dwarf;
				ENABLE_STRICT_OBJC_MSGSEND = YES;
				ENABLE_TESTABILITY = YES;
				GCC_C_LANGUAGE_STANDARD = gnu11;
				GCC_DYNAMIC_NO_PIC = NO;
				GCC_NO_COMMON_BLOCKS = YES;
				GCC_OPTIMIZATION_LEVEL = 0;
				GCC_PREPROCESSOR_DEFINITIONS = (
					"DEBUG=1",
					"$(inherited)",
				);
				GCC_WARN_64_TO_32_BIT_CONVERSION = YES;
				GCC_WARN_ABOUT_RETURN_TYPE = YES_ERROR;
				GCC_WARN_UNDECLARED_SELECTOR = YES;
				GCC_WARN_UNINITIALIZED_AUTOS = YES_AGGRESSIVE;
				GCC_WARN_UNUSED_FUNCTION = YES;
				GCC_WARN_UNUSED_VARIABLE = YES;
				IPHONEOS_DEPLOYMENT_TARGET = 13.4;
				MTL_ENABLE_DEBUG_INFO = INCLUDE_SOURCE;
				MTL_FAST_MATH = YES;
				ONLY_ACTIVE_ARCH = YES;
				SDKROOT = iphoneos;
				SWIFT_ACTIVE_COMPILATION_CONDITIONS = DEBUG;
				SWIFT_OPTIMIZATION_LEVEL = "-Onone";
			};
			name = Debug;
		};
		116248B8246429490091ABF5 /* Release */ = {
			isa = XCBuildConfiguration;
			buildSettings = {
				ALWAYS_SEARCH_USER_PATHS = NO;
				CLANG_ANALYZER_NONNULL = YES;
				CLANG_ANALYZER_NUMBER_OBJECT_CONVERSION = YES_AGGRESSIVE;
				CLANG_CXX_LANGUAGE_STANDARD = "gnu++14";
				CLANG_CXX_LIBRARY = "libc++";
				CLANG_ENABLE_MODULES = YES;
				CLANG_ENABLE_OBJC_ARC = YES;
				CLANG_ENABLE_OBJC_WEAK = YES;
				CLANG_WARN_BLOCK_CAPTURE_AUTORELEASING = YES;
				CLANG_WARN_BOOL_CONVERSION = YES;
				CLANG_WARN_COMMA = YES;
				CLANG_WARN_CONSTANT_CONVERSION = YES;
				CLANG_WARN_DEPRECATED_OBJC_IMPLEMENTATIONS = YES;
				CLANG_WARN_DIRECT_OBJC_ISA_USAGE = YES_ERROR;
				CLANG_WARN_DOCUMENTATION_COMMENTS = YES;
				CLANG_WARN_EMPTY_BODY = YES;
				CLANG_WARN_ENUM_CONVERSION = YES;
				CLANG_WARN_INFINITE_RECURSION = YES;
				CLANG_WARN_INT_CONVERSION = YES;
				CLANG_WARN_NON_LITERAL_NULL_CONVERSION = YES;
				CLANG_WARN_OBJC_IMPLICIT_RETAIN_SELF = YES;
				CLANG_WARN_OBJC_LITERAL_CONVERSION = YES;
				CLANG_WARN_OBJC_ROOT_CLASS = YES_ERROR;
				CLANG_WARN_RANGE_LOOP_ANALYSIS = YES;
				CLANG_WARN_STRICT_PROTOTYPES = YES;
				CLANG_WARN_SUSPICIOUS_MOVE = YES;
				CLANG_WARN_UNGUARDED_AVAILABILITY = YES_AGGRESSIVE;
				CLANG_WARN_UNREACHABLE_CODE = YES;
				CLANG_WARN__DUPLICATE_METHOD_MATCH = YES;
				COPY_PHASE_STRIP = NO;
				DEBUG_INFORMATION_FORMAT = "dwarf-with-dsym";
				ENABLE_NS_ASSERTIONS = NO;
				ENABLE_STRICT_OBJC_MSGSEND = YES;
				GCC_C_LANGUAGE_STANDARD = gnu11;
				GCC_NO_COMMON_BLOCKS = YES;
				GCC_WARN_64_TO_32_BIT_CONVERSION = YES;
				GCC_WARN_ABOUT_RETURN_TYPE = YES_ERROR;
				GCC_WARN_UNDECLARED_SELECTOR = YES;
				GCC_WARN_UNINITIALIZED_AUTOS = YES_AGGRESSIVE;
				GCC_WARN_UNUSED_FUNCTION = YES;
				GCC_WARN_UNUSED_VARIABLE = YES;
				IPHONEOS_DEPLOYMENT_TARGET = 13.4;
				MTL_ENABLE_DEBUG_INFO = NO;
				MTL_FAST_MATH = YES;
				SDKROOT = iphoneos;
				SWIFT_COMPILATION_MODE = wholemodule;
				SWIFT_OPTIMIZATION_LEVEL = "-O";
				VALIDATE_PRODUCT = YES;
			};
			name = Release;
		};
		116248BA246429490091ABF5 /* Debug */ = {
			isa = XCBuildConfiguration;
			buildSettings = {
				ASSETCATALOG_COMPILER_APPICON_NAME = AppIcon;
				CLANG_ENABLE_MODULES = YES;
				CODE_SIGN_STYLE = Automatic;
				DEVELOPMENT_ASSET_PATHS = "\"Angel/Preview Content\"";
				ENABLE_PREVIEWS = YES;
				INFOPLIST_FILE = Angel/Info.plist;
				LD_RUNPATH_SEARCH_PATHS = (
					"$(inherited)",
					"@executable_path/Frameworks",
				);
				PRODUCT_BUNDLE_IDENTIFIER = chauveauR.Angel;
				PRODUCT_NAME = "$(TARGET_NAME)";
				SWIFT_OPTIMIZATION_LEVEL = "-Onone";
				SWIFT_VERSION = 5.0;
				TARGETED_DEVICE_FAMILY = "1,2";
			};
			name = Debug;
		};
		116248BB246429490091ABF5 /* Release */ = {
			isa = XCBuildConfiguration;
			buildSettings = {
				ASSETCATALOG_COMPILER_APPICON_NAME = AppIcon;
				CLANG_ENABLE_MODULES = YES;
				CODE_SIGN_STYLE = Automatic;
				DEVELOPMENT_ASSET_PATHS = "\"Angel/Preview Content\"";
				ENABLE_PREVIEWS = YES;
				INFOPLIST_FILE = Angel/Info.plist;
				LD_RUNPATH_SEARCH_PATHS = (
					"$(inherited)",
					"@executable_path/Frameworks",
				);
				PRODUCT_BUNDLE_IDENTIFIER = chauveauR.Angel;
				PRODUCT_NAME = "$(TARGET_NAME)";
				SWIFT_VERSION = 5.0;
				TARGETED_DEVICE_FAMILY = "1,2";
			};
			name = Release;
		};
/* End XCBuildConfiguration section */

/* Begin XCConfigurationList section */
		116248A0246429480091ABF5 /* Build configuration list for PBXProject "Angel" */ = {
			isa = XCConfigurationList;
			buildConfigurations = (
				116248B7246429490091ABF5 /* Debug */,
				116248B8246429490091ABF5 /* Release */,
			);
			defaultConfigurationIsVisible = 0;
			defaultConfigurationName = Release;
		};
		116248B9246429490091ABF5 /* Build configuration list for PBXNativeTarget "Angel" */ = {
			isa = XCConfigurationList;
			buildConfigurations = (
				116248BA246429490091ABF5 /* Debug */,
				116248BB246429490091ABF5 /* Release */,
			);
			defaultConfigurationIsVisible = 0;
			defaultConfigurationName = Release;
		};
/* End XCConfigurationList section */
	};
	rootObject = 1162489D246429480091ABF5 /* Project object */;
}
